
Microsoft Visual Studio Solution File, Format Version 12.00
# Visual Studio Version 17
VisualStudioVersion = 17.5.002.0
MinimumVisualStudioVersion = 10.0.40219.1
Project("{9A19103F-16F7-4668-BE54-9A1E7A4F7556}") = "BudgetManagementApi", "BudgetManagementApi.csproj", "{869B042E-9DA0-4321-BC8A-63CE530E2D0D}"
EndProject
Global
	GlobalSection(SolutionConfigurationPlatforms) = preSolution
		Debug|Any CPU = Debug|Any CPU
		Release|Any CPU = Release|Any CPU
	EndGlobalSection
	GlobalSection(ProjectConfigurationPlatforms) = postSolution
		{869B042E-9DA0-4321-BC8A-63CE530E2D0D}.Debug|Any CPU.ActiveCfg = Debug|Any CPU
		{869B042E-9DA0-4321-BC8A-63CE530E2D0D}.Debug|Any CPU.Build.0 = Debug|Any CPU
		{869B042E-9DA0-4321-BC8A-63CE530E2D0D}.Release|Any CPU.ActiveCfg = Release|Any CPU
		{869B042E-9DA0-4321-BC8A-63CE530E2D0D}.Release|Any CPU.Build.0 = Release|Any CPU
	EndGlobalSection
	GlobalSection(SolutionProperties) = preSolution
		HideSolutionNode = FALSE
	EndGlobalSection
	GlobalSection(ExtensibilityGlobals) = postSolution
		SolutionGuid = {088845CD-A9BD-4293-BCC5-2BB2AA7AD009}
	EndGlobalSection
EndGlobal
